// !$*UTF8*$!
{
	archiveVersion = 1;
	classes = {
	};
	objectVersion = 77;
	objects = {

/* Begin PBXBuildFile section */
		709276C02D2564CA0008DFBA /* MyLibrary in Frameworks */ = {isa = PBXBuildFile; productRef = 709276BF2D2564CA0008DFBA /* MyLibrary */; };
/* End PBXBuildFile section */

/* Begin PBXContainerItemProxy section */
		709276A22D2564B80008DFBA /* PBXContainerItemProxy */ = {
			isa = PBXContainerItemProxy;
			containerPortal = 709276892D2564B60008DFBA /* Project object */;
			proxyType = 1;
			remoteGlobalIDString = 709276902D2564B60008DFBA;
			remoteInfo = ExamplePackageApp;
		};
		709276AC2D2564B80008DFBA /* PBXContainerItemProxy */ = {
			isa = PBXContainerItemProxy;
			containerPortal = 709276892D2564B60008DFBA /* Project object */;
			proxyType = 1;
			remoteGlobalIDString = 709276902D2564B60008DFBA;
			remoteInfo = ExamplePackageApp;
		};
/* End PBXContainerItemProxy section */

/* Begin PBXFileReference section */
		709276912D2564B60008DFBA /* ExamplePackageApp.app */ = {isa = PBXFileReference; explicitFileType = wrapper.application; includeInIndex = 0; path = ExamplePackageApp.app; sourceTree = BUILT_PRODUCTS_DIR; };
		709276A12D2564B80008DFBA /* ExamplePackageAppTests.xctest */ = {isa = PBXFileReference; explicitFileType = wrapper.cfbundle; includeInIndex = 0; path = ExamplePackageAppTests.xctest; sourceTree = BUILT_PRODUCTS_DIR; };
		709276AB2D2564B80008DFBA /* ExamplePackageAppUITests.xctest */ = {isa = PBXFileReference; explicitFileType = wrapper.cfbundle; includeInIndex = 0; path = ExamplePackageAppUITests.xctest; sourceTree = BUILT_PRODUCTS_DIR; };
/* End PBXFileReference section */

/* Begin PBXFileSystemSynchronizedRootGroup section */
		709276932D2564B60008DFBA /* ExamplePackageApp */ = {
			isa = PBXFileSystemSynchronizedRootGroup;
			path = ExamplePackageApp;
			sourceTree = "<group>";
		};
		709276A42D2564B80008DFBA /* ExamplePackageAppTests */ = {
			isa = PBXFileSystemSynchronizedRootGroup;
			path = ExamplePackageAppTests;
			sourceTree = "<group>";
		};
		709276AE2D2564B80008DFBA /* ExamplePackageAppUITests */ = {
			isa = PBXFileSystemSynchronizedRootGroup;
			path = ExamplePackageAppUITests;
			sourceTree = "<group>";
		};
/* End PBXFileSystemSynchronizedRootGroup section */

/* Begin PBXFrameworksBuildPhase section */
		7092768E2D2564B60008DFBA /* Frameworks */ = {
			isa = PBXFrameworksBuildPhase;
			buildActionMask = 2147483647;
			files = (
				709276C02D2564CA0008DFBA /* MyLibrary in Frameworks */,
			);
			runOnlyForDeploymentPostprocessing = 0;
		};
		7092769E2D2564B80008DFBA /* Frameworks */ = {
			isa = PBXFrameworksBuildPhase;
			buildActionMask = 2147483647;
			files = (
			);
			runOnlyForDeploymentPostprocessing = 0;
		};
		709276A82D2564B80008DFBA /* Frameworks */ = {
			isa = PBXFrameworksBuildPhase;
			buildActionMask = 2147483647;
			files = (
			);
			runOnlyForDeploymentPostprocessing = 0;
		};
/* End PBXFrameworksBuildPhase section */

/* Begin PBXGroup section */
		709276882D2564B60008DFBA = {
			isa = PBXGroup;
			children = (
				709276932D2564B60008DFBA /* ExamplePackageApp */,
				709276A42D2564B80008DFBA /* ExamplePackageAppTests */,
				709276AE2D2564B80008DFBA /* ExamplePackageAppUITests */,
				709276922D2564B60008DFBA /* Products */,
			);
			sourceTree = "<group>";
		};
		709276922D2564B60008DFBA /* Products */ = {
			isa = PBXGroup;
			children = (
				709276912D2564B60008DFBA /* ExamplePackageApp.app */,
				709276A12D2564B80008DFBA /* ExamplePackageAppTests.xctest */,
				709276AB2D2564B80008DFBA /* ExamplePackageAppUITests.xctest */,
			);
			name = Products;
			sourceTree = "<group>";
		};
/* End PBXGroup section */

/* Begin PBXNativeTarget section */
		709276902D2564B60008DFBA /* ExamplePackageApp */ = {
			isa = PBXNativeTarget;
			buildConfigurationList = 709276B52D2564B80008DFBA /* Build configuration list for PBXNativeTarget "ExamplePackageApp" */;
			buildPhases = (
				7092768D2D2564B60008DFBA /* Sources */,
				7092768E2D2564B60008DFBA /* Frameworks */,
				7092768F2D2564B60008DFBA /* Resources */,
			);
			buildRules = (
			);
			dependencies = (
			);
			fileSystemSynchronizedGroups = (
				709276932D2564B60008DFBA /* ExamplePackageApp */,
			);
			name = ExamplePackageApp;
			packageProductDependencies = (
				709276BF2D2564CA0008DFBA /* MyLibrary */,
			);
			productName = ExamplePackageApp;
			productReference = 709276912D2564B60008DFBA /* ExamplePackageApp.app */;
			productType = "com.apple.product-type.application";
		};
		709276A02D2564B80008DFBA /* ExamplePackageAppTests */ = {
			isa = PBXNativeTarget;
			buildConfigurationList = 709276B82D2564B80008DFBA /* Build configuration list for PBXNativeTarget "ExamplePackageAppTests" */;
			buildPhases = (
				7092769D2D2564B80008DFBA /* Sources */,
				7092769E2D2564B80008DFBA /* Frameworks */,
				7092769F2D2564B80008DFBA /* Resources */,
			);
			buildRules = (
			);
			dependencies = (
				709276A32D2564B80008DFBA /* PBXTargetDependency */,
			);
			fileSystemSynchronizedGroups = (
				709276A42D2564B80008DFBA /* ExamplePackageAppTests */,
			);
			name = ExamplePackageAppTests;
			packageProductDependencies = (
			);
			productName = ExamplePackageAppTests;
			productReference = 709276A12D2564B80008DFBA /* ExamplePackageAppTests.xctest */;
			productType = "com.apple.product-type.bundle.unit-test";
		};
		709276AA2D2564B80008DFBA /* ExamplePackageAppUITests */ = {
			isa = PBXNativeTarget;
			buildConfigurationList = 709276BB2D2564B80008DFBA /* Build configuration list for PBXNativeTarget "ExamplePackageAppUITests" */;
			buildPhases = (
				709276A72D2564B80008DFBA /* Sources */,
				709276A82D2564B80008DFBA /* Frameworks */,
				709276A92D2564B80008DFBA /* Resources */,
			);
			buildRules = (
			);
			dependencies = (
				709276AD2D2564B80008DFBA /* PBXTargetDependency */,
			);
			fileSystemSynchronizedGroups = (
				709276AE2D2564B80008DFBA /* ExamplePackageAppUITests */,
			);
			name = ExamplePackageAppUITests;
			packageProductDependencies = (
			);
			productName = ExamplePackageAppUITests;
			productReference = 709276AB2D2564B80008DFBA /* ExamplePackageAppUITests.xctest */;
			productType = "com.apple.product-type.bundle.ui-testing";
		};
/* End PBXNativeTarget section */

/* Begin PBXProject section */
		709276892D2564B60008DFBA /* Project object */ = {
			isa = PBXProject;
			attributes = {
				BuildIndependentTargetsInParallel = 1;
				LastSwiftUpdateCheck = 1620;
				LastUpgradeCheck = 1620;
				TargetAttributes = {
					709276902D2564B60008DFBA = {
						CreatedOnToolsVersion = 16.2;
					};
					709276A02D2564B80008DFBA = {
						CreatedOnToolsVersion = 16.2;
						TestTargetID = 709276902D2564B60008DFBA;
					};
					709276AA2D2564B80008DFBA = {
						CreatedOnToolsVersion = 16.2;
						TestTargetID = 709276902D2564B60008DFBA;
					};
				};
			};
			buildConfigurationList = 7092768C2D2564B60008DFBA /* Build configuration list for PBXProject "ExamplePackageApp" */;
			developmentRegion = en;
			hasScannedForEncodings = 0;
			knownRegions = (
				en,
				Base,
			);
			mainGroup = 709276882D2564B60008DFBA;
			minimizedProjectReferenceProxies = 1;
			packageReferences = (
				709276BE2D2564CA0008DFBA /* XCRemoteSwiftPackageReference "SDKPackage" */,
			);
			preferredProjectObjectVersion = 77;
			productRefGroup = 709276922D2564B60008DFBA /* Products */;
			projectDirPath = "";
			projectRoot = "";
			targets = (
				709276902D2564B60008DFBA /* ExamplePackageApp */,
				709276A02D2564B80008DFBA /* ExamplePackageAppTests */,
				709276AA2D2564B80008DFBA /* ExamplePackageAppUITests */,
			);
		};
/* End PBXProject section */

/* Begin PBXResourcesBuildPhase section */
		7092768F2D2564B60008DFBA /* Resources */ = {
			isa = PBXResourcesBuildPhase;
			buildActionMask = 2147483647;
			files = (
			);
			runOnlyForDeploymentPostprocessing = 0;
		};
		7092769F2D2564B80008DFBA /* Resources */ = {
			isa = PBXResourcesBuildPhase;
			buildActionMask = 2147483647;
			files = (
			);
			runOnlyForDeploymentPostprocessing = 0;
		};
		709276A92D2564B80008DFBA /* Resources */ = {
			isa = PBXResourcesBuildPhase;
			buildActionMask = 2147483647;
			files = (
			);
			runOnlyForDeploymentPostprocessing = 0;
		};
/* End PBXResourcesBuildPhase section */

/* Begin PBXSourcesBuildPhase section */
		7092768D2D2564B60008DFBA /* Sources */ = {
			isa = PBXSourcesBuildPhase;
			buildActionMask = 2147483647;
			files = (
			);
			runOnlyForDeploymentPostprocessing = 0;
		};
		7092769D2D2564B80008DFBA /* Sources */ = {
			isa = PBXSourcesBuildPhase;
			buildActionMask = 2147483647;
			files = (
			);
			runOnlyForDeploymentPostprocessing = 0;
		};
		709276A72D2564B80008DFBA /* Sources */ = {
			isa = PBXSourcesBuildPhase;
			buildActionMask = 2147483647;
			files = (
			);
			runOnlyForDeploymentPostprocessing = 0;
		};
/* End PBXSourcesBuildPhase section */

/* Begin PBXTargetDependency section */
		709276A32D2564B80008DFBA /* PBXTargetDependency */ = {
			isa = PBXTargetDependency;
			target = 709276902D2564B60008DFBA /* ExamplePackageApp */;
			targetProxy = 709276A22D2564B80008DFBA /* PBXContainerItemProxy */;
		};
		709276AD2D2564B80008DFBA /* PBXTargetDependency */ = {
			isa = PBXTargetDependency;
			target = 709276902D2564B60008DFBA /* ExamplePackageApp */;
			targetProxy = 709276AC2D2564B80008DFBA /* PBXContainerItemProxy */;
		};
/* End PBXTargetDependency section */

/* Begin XCBuildConfiguration section */
		709276B32D2564B80008DFBA /* Debug */ = {
			isa = XCBuildConfiguration;
			buildSettings = {
				ALWAYS_SEARCH_USER_PATHS = NO;
				ASSETCATALOG_COMPILER_GENERATE_SWIFT_ASSET_SYMBOL_EXTENSIONS = YES;
				CLANG_ANALYZER_NONNULL = YES;
				CLANG_ANALYZER_NUMBER_OBJECT_CONVERSION = YES_AGGRESSIVE;
				CLANG_CXX_LANGUAGE_STANDARD = "gnu++20";
				CLANG_ENABLE_MODULES = YES;
				CLANG_ENABLE_OBJC_ARC = YES;
				CLANG_ENABLE_OBJC_WEAK = YES;
				CLANG_WARN_BLOCK_CAPTURE_AUTORELEASING = YES;
				CLANG_WARN_BOOL_CONVERSION = YES;
				CLANG_WARN_COMMA = YES;
				CLANG_WARN_CONSTANT_CONVERSION = YES;
				CLANG_WARN_DEPRECATED_OBJC_IMPLEMENTATIONS = YES;
				CLANG_WARN_DIRECT_OBJC_ISA_USAGE = YES_ERROR;
				CLANG_WARN_DOCUMENTATION_COMMENTS = YES;
				CLANG_WARN_EMPTY_BODY = YES;
				CLANG_WARN_ENUM_CONVERSION = YES;
				CLANG_WARN_INFINITE_RECURSION = YES;
				CLANG_WARN_INT_CONVERSION = YES;
				CLANG_WARN_NON_LITERAL_NULL_CONVERSION = YES;
				CLANG_WARN_OBJC_IMPLICIT_RETAIN_SELF = YES;
				CLANG_WARN_OBJC_LITERAL_CONVERSION = YES;
				CLANG_WARN_OBJC_ROOT_CLASS = YES_ERROR;
				CLANG_WARN_QUOTED_INCLUDE_IN_FRAMEWORK_HEADER = YES;
				CLANG_WARN_RANGE_LOOP_ANALYSIS = YES;
				CLANG_WARN_STRICT_PROTOTYPES = YES;
				CLANG_WARN_SUSPICIOUS_MOVE = YES;
				CLANG_WARN_UNGUARDED_AVAILABILITY = YES_AGGRESSIVE;
				CLANG_WARN_UNREACHABLE_CODE = YES;
				CLANG_WARN__DUPLICATE_METHOD_MATCH = YES;
				COPY_PHASE_STRIP = NO;
				DEBUG_INFORMATION_FORMAT = dwarf;
				ENABLE_STRICT_OBJC_MSGSEND = YES;
				ENABLE_TESTABILITY = YES;
				ENABLE_USER_SCRIPT_SANDBOXING = YES;
				GCC_C_LANGUAGE_STANDARD = gnu17;
				GCC_DYNAMIC_NO_PIC = NO;
				GCC_NO_COMMON_BLOCKS = YES;
				GCC_OPTIMIZATION_LEVEL = 0;
				GCC_PREPROCESSOR_DEFINITIONS = (
					"DEBUG=1",
					"$(inherited)",
				);
				GCC_WARN_64_TO_32_BIT_CONVERSION = YES;
				GCC_WARN_ABOUT_RETURN_TYPE = YES_ERROR;
				GCC_WARN_UNDECLARED_SELECTOR = YES;
				GCC_WARN_UNINITIALIZED_AUTOS = YES_AGGRESSIVE;
				GCC_WARN_UNUSED_FUNCTION = YES;
				GCC_WARN_UNUSED_VARIABLE = YES;
				IPHONEOS_DEPLOYMENT_TARGET = 18.2;
				LOCALIZATION_PREFERS_STRING_CATALOGS = YES;
				MTL_ENABLE_DEBUG_INFO = INCLUDE_SOURCE;
				MTL_FAST_MATH = YES;
				ONLY_ACTIVE_ARCH = YES;
				SDKROOT = iphoneos;
				SWIFT_ACTIVE_COMPILATION_CONDITIONS = "DEBUG $(inherited)";
				SWIFT_OPTIMIZATION_LEVEL = "-Onone";
			};
			name = Debug;
		};
		709276B42D2564B80008DFBA /* Release */ = {
			isa = XCBuildConfiguration;
			buildSettings = {
				ALWAYS_SEARCH_USER_PATHS = NO;
				ASSETCATALOG_COMPILER_GENERATE_SWIFT_ASSET_SYMBOL_EXTENSIONS = YES;
				CLANG_ANALYZER_NONNULL = YES;
				CLANG_ANALYZER_NUMBER_OBJECT_CONVERSION = YES_AGGRESSIVE;
				CLANG_CXX_LANGUAGE_STANDARD = "gnu++20";
				CLANG_ENABLE_MODULES = YES;
				CLANG_ENABLE_OBJC_ARC = YES;
				CLANG_ENABLE_OBJC_WEAK = YES;
				CLANG_WARN_BLOCK_CAPTURE_AUTORELEASING = YES;
				CLANG_WARN_BOOL_CONVERSION = YES;
				CLANG_WARN_COMMA = YES;
				CLANG_WARN_CONSTANT_CONVERSION = YES;
				CLANG_WARN_DEPRECATED_OBJC_IMPLEMENTATIONS = YES;
				CLANG_WARN_DIRECT_OBJC_ISA_USAGE = YES_ERROR;
				CLANG_WARN_DOCUMENTATION_COMMENTS = YES;
				CLANG_WARN_EMPTY_BODY = YES;
				CLANG_WARN_ENUM_CONVERSION = YES;
				CLANG_WARN_INFINITE_RECURSION = YES;
				CLANG_WARN_INT_CONVERSION = YES;
				CLANG_WARN_NON_LITERAL_NULL_CONVERSION = YES;
				CLANG_WARN_OBJC_IMPLICIT_RETAIN_SELF = YES;
				CLANG_WARN_OBJC_LITERAL_CONVERSION = YES;
				CLANG_WARN_OBJC_ROOT_CLASS = YES_ERROR;
				CLANG_WARN_QUOTED_INCLUDE_IN_FRAMEWORK_HEADER = YES;
				CLANG_WARN_RANGE_LOOP_ANALYSIS = YES;
				CLANG_WARN_STRICT_PROTOTYPES = YES;
				CLANG_WARN_SUSPICIOUS_MOVE = YES;
				CLANG_WARN_UNGUARDED_AVAILABILITY = YES_AGGRESSIVE;
				CLANG_WARN_UNREACHABLE_CODE = YES;
				CLANG_WARN__DUPLICATE_METHOD_MATCH = YES;
				COPY_PHASE_STRIP = NO;
				DEBUG_INFORMATION_FORMAT = "dwarf-with-dsym";
				ENABLE_NS_ASSERTIONS = NO;
				ENABLE_STRICT_OBJC_MSGSEND = YES;
				ENABLE_USER_SCRIPT_SANDBOXING = YES;
				GCC_C_LANGUAGE_STANDARD = gnu17;
				GCC_NO_COMMON_BLOCKS = YES;
				GCC_WARN_64_TO_32_BIT_CONVERSION = YES;
				GCC_WARN_ABOUT_RETURN_TYPE = YES_ERROR;
				GCC_WARN_UNDECLARED_SELECTOR = YES;
				GCC_WARN_UNINITIALIZED_AUTOS = YES_AGGRESSIVE;
				GCC_WARN_UNUSED_FUNCTION = YES;
				GCC_WARN_UNUSED_VARIABLE = YES;
				IPHONEOS_DEPLOYMENT_TARGET = 18.2;
				LOCALIZATION_PREFERS_STRING_CATALOGS = YES;
				MTL_ENABLE_DEBUG_INFO = NO;
				MTL_FAST_MATH = YES;
				SDKROOT = iphoneos;
				SWIFT_COMPILATION_MODE = wholemodule;
				VALIDATE_PRODUCT = YES;
			};
			name = Release;
		};
		709276B62D2564B80008DFBA /* Debug */ = {
			isa = XCBuildConfiguration;
			buildSettings = {
				ASSETCATALOG_COMPILER_APPICON_NAME = AppIcon;
				ASSETCATALOG_COMPILER_GLOBAL_ACCENT_COLOR_NAME = AccentColor;
				CODE_SIGN_STYLE = Automatic;
				CURRENT_PROJECT_VERSION = 1;
				DEVELOPMENT_ASSET_PATHS = "\"ExamplePackageApp/Preview Content\"";
				ENABLE_PREVIEWS = YES;
				GENERATE_INFOPLIST_FILE = YES;
				INFOPLIST_KEY_UIApplicationSceneManifest_Generation = YES;
				INFOPLIST_KEY_UIApplicationSupportsIndirectInputEvents = YES;
				INFOPLIST_KEY_UILaunchScreen_Generation = YES;
				INFOPLIST_KEY_UISupportedInterfaceOrientations_iPad = "UIInterfaceOrientationPortrait UIInterfaceOrientationPortraitUpsideDown UIInterfaceOrientationLandscapeLeft UIInterfaceOrientationLandscapeRight";
				INFOPLIST_KEY_UISupportedInterfaceOrientations_iPhone = "UIInterfaceOrientationPortrait UIInterfaceOrientationLandscapeLeft UIInterfaceOrientationLandscapeRight";
				LD_RUNPATH_SEARCH_PATHS = (
					"$(inherited)",
					"@executable_path/Frameworks",
				);
				MARKETING_VERSION = 1.0;
				PRODUCT_BUNDLE_IDENTIFIER = networkoperationapp.code.challange.ExamplePackageApp;
				PRODUCT_NAME = "$(TARGET_NAME)";
				SWIFT_EMIT_LOC_STRINGS = YES;
				SWIFT_VERSION = 5.0;
				TARGETED_DEVICE_FAMILY = "1,2";
			};
			name = Debug;
		};
		709276B72D2564B80008DFBA /* Release */ = {
			isa = XCBuildConfiguration;
			buildSettings = {
				ASSETCATALOG_COMPILER_APPICON_NAME = AppIcon;
				ASSETCATALOG_COMPILER_GLOBAL_ACCENT_COLOR_NAME = AccentColor;
				CODE_SIGN_STYLE = Automatic;
				CURRENT_PROJECT_VERSION = 1;
				DEVELOPMENT_ASSET_PATHS = "\"ExamplePackageApp/Preview Content\"";
				ENABLE_PREVIEWS = YES;
				GENERATE_INFOPLIST_FILE = YES;
				INFOPLIST_KEY_UIApplicationSceneManifest_Generation = YES;
				INFOPLIST_KEY_UIApplicationSupportsIndirectInputEvents = YES;
				INFOPLIST_KEY_UILaunchScreen_Generation = YES;
				INFOPLIST_KEY_UISupportedInterfaceOrientations_iPad = "UIInterfaceOrientationPortrait UIInterfaceOrientationPortraitUpsideDown UIInterfaceOrientationLandscapeLeft UIInterfaceOrientationLandscapeRight";
				INFOPLIST_KEY_UISupportedInterfaceOrientations_iPhone = "UIInterfaceOrientationPortrait UIInterfaceOrientationLandscapeLeft UIInterfaceOrientationLandscapeRight";
				LD_RUNPATH_SEARCH_PATHS = (
					"$(inherited)",
					"@executable_path/Frameworks",
				);
				MARKETING_VERSION = 1.0;
				PRODUCT_BUNDLE_IDENTIFIER = networkoperationapp.code.challange.ExamplePackageApp;
				PRODUCT_NAME = "$(TARGET_NAME)";
				SWIFT_EMIT_LOC_STRINGS = YES;
				SWIFT_VERSION = 5.0;
				TARGETED_DEVICE_FAMILY = "1,2";
			};
			name = Release;
		};
		709276B92D2564B80008DFBA /* Debug */ = {
			isa = XCBuildConfiguration;
			buildSettings = {
				BUNDLE_LOADER = "$(TEST_HOST)";
				CODE_SIGN_STYLE = Automatic;
				CURRENT_PROJECT_VERSION = 1;
				GENERATE_INFOPLIST_FILE = YES;
				IPHONEOS_DEPLOYMENT_TARGET = 18.2;
				MARKETING_VERSION = 1.0;
				PRODUCT_BUNDLE_IDENTIFIER = networkoperationapp.code.challange.ExamplePackageAppTests;
				PRODUCT_NAME = "$(TARGET_NAME)";
				SWIFT_EMIT_LOC_STRINGS = NO;
				SWIFT_VERSION = 5.0;
				TARGETED_DEVICE_FAMILY = "1,2";
				TEST_HOST = "$(BUILT_PRODUCTS_DIR)/ExamplePackageApp.app/$(BUNDLE_EXECUTABLE_FOLDER_PATH)/ExamplePackageApp";
			};
			name = Debug;
		};
		709276BA2D2564B80008DFBA /* Release */ = {
			isa = XCBuildConfiguration;
			buildSettings = {
				BUNDLE_LOADER = "$(TEST_HOST)";
				CODE_SIGN_STYLE = Automatic;
				CURRENT_PROJECT_VERSION = 1;
				GENERATE_INFOPLIST_FILE = YES;
				IPHONEOS_DEPLOYMENT_TARGET = 18.2;
				MARKETING_VERSION = 1.0;
				PRODUCT_BUNDLE_IDENTIFIER = networkoperationapp.code.challange.ExamplePackageAppTests;
				PRODUCT_NAME = "$(TARGET_NAME)";
				SWIFT_EMIT_LOC_STRINGS = NO;
				SWIFT_VERSION = 5.0;
				TARGETED_DEVICE_FAMILY = "1,2";
				TEST_HOST = "$(BUILT_PRODUCTS_DIR)/ExamplePackageApp.app/$(BUNDLE_EXECUTABLE_FOLDER_PATH)/ExamplePackageApp";
			};
			name = Release;
		};
		709276BC2D2564B80008DFBA /* Debug */ = {
			isa = XCBuildConfiguration;
			buildSettings = {
				CODE_SIGN_STYLE = Automatic;
				CURRENT_PROJECT_VERSION = 1;
				GENERATE_INFOPLIST_FILE = YES;
				MARKETING_VERSION = 1.0;
				PRODUCT_BUNDLE_IDENTIFIER = networkoperationapp.code.challange.ExamplePackageAppUITests;
				PRODUCT_NAME = "$(TARGET_NAME)";
				SWIFT_EMIT_LOC_STRINGS = NO;
				SWIFT_VERSION = 5.0;
				TARGETED_DEVICE_FAMILY = "1,2";
				TEST_TARGET_NAME = ExamplePackageApp;
			};
			name = Debug;
		};
		709276BD2D2564B80008DFBA /* Release */ = {
			isa = XCBuildConfiguration;
			buildSettings = {
				CODE_SIGN_STYLE = Automatic;
				CURRENT_PROJECT_VERSION = 1;
				GENERATE_INFOPLIST_FILE = YES;
				MARKETING_VERSION = 1.0;
				PRODUCT_BUNDLE_IDENTIFIER = networkoperationapp.code.challange.ExamplePackageAppUITests;
				PRODUCT_NAME = "$(TARGET_NAME)";
				SWIFT_EMIT_LOC_STRINGS = NO;
				SWIFT_VERSION = 5.0;
				TARGETED_DEVICE_FAMILY = "1,2";
				TEST_TARGET_NAME = ExamplePackageApp;
			};
			name = Release;
		};
/* End XCBuildConfiguration section */

/* Begin XCConfigurationList section */
		7092768C2D2564B60008DFBA /* Build configuration list for PBXProject "ExamplePackageApp" */ = {
			isa = XCConfigurationList;
			buildConfigurations = (
				709276B32D2564B80008DFBA /* Debug */,
				709276B42D2564B80008DFBA /* Release */,
			);
			defaultConfigurationIsVisible = 0;
			defaultConfigurationName = Release;
		};
		709276B52D2564B80008DFBA /* Build configuration list for PBXNativeTarget "ExamplePackageApp" */ = {
			isa = XCConfigurationList;
			buildConfigurations = (
				709276B62D2564B80008DFBA /* Debug */,
				709276B72D2564B80008DFBA /* Release */,
			);
			defaultConfigurationIsVisible = 0;
			defaultConfigurationName = Release;
		};
		709276B82D2564B80008DFBA /* Build configuration list for PBXNativeTarget "ExamplePackageAppTests" */ = {
			isa = XCConfigurationList;
			buildConfigurations = (
				709276B92D2564B80008DFBA /* Debug */,
				709276BA2D2564B80008DFBA /* Release */,
			);
			defaultConfigurationIsVisible = 0;
			defaultConfigurationName = Release;
		};
		709276BB2D2564B80008DFBA /* Build configuration list for PBXNativeTarget "ExamplePackageAppUITests" */ = {
			isa = XCConfigurationList;
			buildConfigurations = (
				709276BC2D2564B80008DFBA /* Debug */,
				709276BD2D2564B80008DFBA /* Release */,
			);
			defaultConfigurationIsVisible = 0;
			defaultConfigurationName = Release;
		};
/* End XCConfigurationList section */

/* Begin XCRemoteSwiftPackageReference section */
		709276BE2D2564CA0008DFBA /* XCRemoteSwiftPackageReference "SDKPackage" */ = {
			isa = XCRemoteSwiftPackageReference;
			repositoryURL = "https://github.com/qnaveed2104/SDKPackage.git";
			requirement = {
				branch = master;
				kind = branch;
			};
		};
/* End XCRemoteSwiftPackageReference section */

/* Begin XCSwiftPackageProductDependency section */
		709276BF2D2564CA0008DFBA /* MyLibrary */ = {
			isa = XCSwiftPackageProductDependency;
			package = 709276BE2D2564CA0008DFBA /* XCRemoteSwiftPackageReference "SDKPackage" */;
			productName = MyLibrary;
		};
/* End XCSwiftPackageProductDependency section */
	};
	rootObject = 709276892D2564B60008DFBA /* Project object */;
}
